
Microsoft Visual Studio Solution File, Format Version 12.00
# Visual Studio Version 16
VisualStudioVersion = 16.0.29519.181
MinimumVisualStudioVersion = 10.0.40219.1
Project("{9A19103F-16F7-4668-BE54-9A1E7A4F7556}") = "DesignPattern", "DesignPattern.csproj", "{4FCECEC6-D8BC-42C7-A2C4-CAB2B4F4B95B}"
EndProject
Global
	GlobalSection(SolutionConfigurationPlatforms) = preSolution
		Debug|Any CPU = Debug|Any CPU
		Release|Any CPU = Release|Any CPU
	EndGlobalSection
	GlobalSection(ProjectConfigurationPlatforms) = postSolution
		{4FCECEC6-D8BC-42C7-A2C4-CAB2B4F4B95B}.Debug|Any CPU.ActiveCfg = Debug|Any CPU
		{4FCECEC6-D8BC-42C7-A2C4-CAB2B4F4B95B}.Debug|Any CPU.Build.0 = Debug|Any CPU
		{4FCECEC6-D8BC-42C7-A2C4-CAB2B4F4B95B}.Release|Any CPU.ActiveCfg = Release|Any CPU
		{4FCECEC6-D8BC-42C7-A2C4-CAB2B4F4B95B}.Release|Any CPU.Build.0 = Release|Any CPU
	EndGlobalSection
	GlobalSection(SolutionProperties) = preSolution
		HideSolutionNode = FALSE
	EndGlobalSection
	GlobalSection(ExtensibilityGlobals) = postSolution
		SolutionGuid = {736926FA-7CA2-4636-B0F4-8F943E23E30D}
	EndGlobalSection
EndGlobal
