
Microsoft Visual Studio Solution File, Format Version 12.00
# Visual Studio Version 17
VisualStudioVersion = 17.11.35431.28
MinimumVisualStudioVersion = 10.0.40219.1
Project("{9A19103F-16F7-4668-BE54-9A1E7A4F7556}") = "DesignPattern", "DesignPatterns\DesignPattern.csproj", "{692B868F-0BF0-4EEE-80FA-68E4FAAF18C1}"
EndProject
Project("{9A19103F-16F7-4668-BE54-9A1E7A4F7556}") = "FactoryMethod", "FactoryMethod\FactoryMethod.csproj", "{59BF1C97-A9B7-4DB9-9A56-054F854AFF3E}"
EndProject
Project("{9A19103F-16F7-4668-BE54-9A1E7A4F7556}") = "AbstractFactory", "AbstractFactory\AbstractFactory.csproj", "{F89469BD-5DFA-41CD-A089-76001C152235}"
EndProject
Project("{FAE04EC0-301F-11D3-BF4B-00C04F79EFBC}") = "Singleton", "Singleton\Singleton.csproj", "{81D9A985-5A49-487C-B2A5-377BFFAF47C3}"
EndProject
Project("{FAE04EC0-301F-11D3-BF4B-00C04F79EFBC}") = "Builder", "Builder\Builder.csproj", "{5FC0A50C-C386-4051-BA7E-523271100EE6}"
EndProject
Project("{FAE04EC0-301F-11D3-BF4B-00C04F79EFBC}") = "Prototype", "Prototype\Prototype.csproj", "{E1255331-81CA-424A-8E85-BAC839C1EE9D}"
EndProject
Project("{FAE04EC0-301F-11D3-BF4B-00C04F79EFBC}") = "Adapter", "Adapter\Adapter.csproj", "{57F3572A-0311-4712-8EDA-312F595A4281}"
EndProject
Project("{FAE04EC0-301F-11D3-BF4B-00C04F79EFBC}") = "Flyweight", "FlyWeight\Flyweight.csproj", "{0EA5C05C-50EB-4A7C-8879-31F184836281}"
EndProject
Global
	GlobalSection(SolutionConfigurationPlatforms) = preSolution
		Debug|Any CPU = Debug|Any CPU
		Release|Any CPU = Release|Any CPU
	EndGlobalSection
	GlobalSection(ProjectConfigurationPlatforms) = postSolution
		{692B868F-0BF0-4EEE-80FA-68E4FAAF18C1}.Debug|Any CPU.ActiveCfg = Debug|Any CPU
		{692B868F-0BF0-4EEE-80FA-68E4FAAF18C1}.Debug|Any CPU.Build.0 = Debug|Any CPU
		{692B868F-0BF0-4EEE-80FA-68E4FAAF18C1}.Release|Any CPU.ActiveCfg = Release|Any CPU
		{692B868F-0BF0-4EEE-80FA-68E4FAAF18C1}.Release|Any CPU.Build.0 = Release|Any CPU
		{59BF1C97-A9B7-4DB9-9A56-054F854AFF3E}.Debug|Any CPU.ActiveCfg = Debug|Any CPU
		{59BF1C97-A9B7-4DB9-9A56-054F854AFF3E}.Debug|Any CPU.Build.0 = Debug|Any CPU
		{59BF1C97-A9B7-4DB9-9A56-054F854AFF3E}.Release|Any CPU.ActiveCfg = Release|Any CPU
		{59BF1C97-A9B7-4DB9-9A56-054F854AFF3E}.Release|Any CPU.Build.0 = Release|Any CPU
		{F89469BD-5DFA-41CD-A089-76001C152235}.Debug|Any CPU.ActiveCfg = Debug|Any CPU
		{F89469BD-5DFA-41CD-A089-76001C152235}.Debug|Any CPU.Build.0 = Debug|Any CPU
		{F89469BD-5DFA-41CD-A089-76001C152235}.Release|Any CPU.ActiveCfg = Release|Any CPU
		{F89469BD-5DFA-41CD-A089-76001C152235}.Release|Any CPU.Build.0 = Release|Any CPU
		{81D9A985-5A49-487C-B2A5-377BFFAF47C3}.Debug|Any CPU.ActiveCfg = Debug|Any CPU
		{81D9A985-5A49-487C-B2A5-377BFFAF47C3}.Debug|Any CPU.Build.0 = Debug|Any CPU
		{81D9A985-5A49-487C-B2A5-377BFFAF47C3}.Release|Any CPU.ActiveCfg = Release|Any CPU
		{81D9A985-5A49-487C-B2A5-377BFFAF47C3}.Release|Any CPU.Build.0 = Release|Any CPU
		{5FC0A50C-C386-4051-BA7E-523271100EE6}.Debug|Any CPU.ActiveCfg = Debug|Any CPU
		{5FC0A50C-C386-4051-BA7E-523271100EE6}.Debug|Any CPU.Build.0 = Debug|Any CPU
		{5FC0A50C-C386-4051-BA7E-523271100EE6}.Release|Any CPU.ActiveCfg = Release|Any CPU
		{5FC0A50C-C386-4051-BA7E-523271100EE6}.Release|Any CPU.Build.0 = Release|Any CPU
		{E1255331-81CA-424A-8E85-BAC839C1EE9D}.Debug|Any CPU.ActiveCfg = Debug|Any CPU
		{E1255331-81CA-424A-8E85-BAC839C1EE9D}.Debug|Any CPU.Build.0 = Debug|Any CPU
		{E1255331-81CA-424A-8E85-BAC839C1EE9D}.Release|Any CPU.ActiveCfg = Release|Any CPU
		{E1255331-81CA-424A-8E85-BAC839C1EE9D}.Release|Any CPU.Build.0 = Release|Any CPU
		{57F3572A-0311-4712-8EDA-312F595A4281}.Debug|Any CPU.ActiveCfg = Debug|Any CPU
		{57F3572A-0311-4712-8EDA-312F595A4281}.Debug|Any CPU.Build.0 = Debug|Any CPU
		{57F3572A-0311-4712-8EDA-312F595A4281}.Release|Any CPU.ActiveCfg = Release|Any CPU
		{57F3572A-0311-4712-8EDA-312F595A4281}.Release|Any CPU.Build.0 = Release|Any CPU
		{0EA5C05C-50EB-4A7C-8879-31F184836281}.Debug|Any CPU.ActiveCfg = Debug|Any CPU
		{0EA5C05C-50EB-4A7C-8879-31F184836281}.Debug|Any CPU.Build.0 = Debug|Any CPU
		{0EA5C05C-50EB-4A7C-8879-31F184836281}.Release|Any CPU.ActiveCfg = Release|Any CPU
		{0EA5C05C-50EB-4A7C-8879-31F184836281}.Release|Any CPU.Build.0 = Release|Any CPU
	EndGlobalSection
	GlobalSection(SolutionProperties) = preSolution
		HideSolutionNode = FALSE
	EndGlobalSection
	GlobalSection(ExtensibilityGlobals) = postSolution
		SolutionGuid = {736926FA-7CA2-4636-B0F4-8F943E23E30D}
	EndGlobalSection
EndGlobal
