
Microsoft Visual Studio Solution File, Format Version 12.00
# Visual Studio Version 17
VisualStudioVersion = 17.11.35431.28
MinimumVisualStudioVersion = 10.0.40219.1
Project("{9A19103F-16F7-4668-BE54-9A1E7A4F7556}") = "DesignPattern", "DesignPatterns\DesignPattern.csproj", "{692B868F-0BF0-4EEE-80FA-68E4FAAF18C1}"
EndProject
Project("{9A19103F-16F7-4668-BE54-9A1E7A4F7556}") = "FactoryMethod", "FactoryMethod\FactoryMethod.csproj", "{59BF1C97-A9B7-4DB9-9A56-054F854AFF3E}"
EndProject
Project("{9A19103F-16F7-4668-BE54-9A1E7A4F7556}") = "AbstractFactory", "AbstractFactory\AbstractFactory.csproj", "{F89469BD-5DFA-41CD-A089-76001C152235}"
EndProject
Project("{9A19103F-16F7-4668-BE54-9A1E7A4F7556}") = "Singleton", "Singleton\Singleton.csproj", "{81D9A985-5A49-487C-B2A5-377BFFAF47C3}"
EndProject
Project("{9A19103F-16F7-4668-BE54-9A1E7A4F7556}") = "Builder", "Builder\Builder.csproj", "{5FC0A50C-C386-4051-BA7E-523271100EE6}"
EndProject
Project("{9A19103F-16F7-4668-BE54-9A1E7A4F7556}") = "Prototype", "Prototype\Prototype.csproj", "{E1255331-81CA-424A-8E85-BAC839C1EE9D}"
EndProject
Project("{9A19103F-16F7-4668-BE54-9A1E7A4F7556}") = "Adapter", "Adapter\Adapter.csproj", "{57F3572A-0311-4712-8EDA-312F595A4281}"
EndProject
Project("{9A19103F-16F7-4668-BE54-9A1E7A4F7556}") = "Flyweight", "FlyWeight\Flyweight.csproj", "{0EA5C05C-50EB-4A7C-8879-31F184836281}"
EndProject
Project("{9A19103F-16F7-4668-BE54-9A1E7A4F7556}") = "Bridge", "Bridge\Bridge.csproj", "{E03A1F52-6CD4-436F-A9F4-556A194E0778}"
EndProject
Project("{9A19103F-16F7-4668-BE54-9A1E7A4F7556}") = "Composite", "Composite\Composite.csproj", "{8A16F72C-8490-4F9A-A209-14B3AF7CB1A6}"
EndProject
Project("{9A19103F-16F7-4668-BE54-9A1E7A4F7556}") = "Decorator", "Decorator\Decorator.csproj", "{76E072E3-5399-4618-807A-659F55DC9994}"
EndProject
Project("{9A19103F-16F7-4668-BE54-9A1E7A4F7556}") = "Facade", "Facade\Facade.csproj", "{E5F6A358-88E7-4660-AF6D-A35A1B052A1D}"
EndProject
Project("{FAE04EC0-301F-11D3-BF4B-00C04F79EFBC}") = "Proxy", "Proxy\Proxy.csproj", "{8391A18F-6022-406A-8685-D194C6B43F33}"
EndProject
Project("{FAE04EC0-301F-11D3-BF4B-00C04F79EFBC}") = "ChainOfResponsibility", "ChainOfResponsibility\ChainOfResponsibility.csproj", "{7EDB7C7D-1C8E-49D6-A6F7-10D7F4355555}"
EndProject
Global
	GlobalSection(SolutionConfigurationPlatforms) = preSolution
		Debug|Any CPU = Debug|Any CPU
		Release|Any CPU = Release|Any CPU
	EndGlobalSection
	GlobalSection(ProjectConfigurationPlatforms) = postSolution
		{692B868F-0BF0-4EEE-80FA-68E4FAAF18C1}.Debug|Any CPU.ActiveCfg = Debug|Any CPU
		{692B868F-0BF0-4EEE-80FA-68E4FAAF18C1}.Debug|Any CPU.Build.0 = Debug|Any CPU
		{692B868F-0BF0-4EEE-80FA-68E4FAAF18C1}.Release|Any CPU.ActiveCfg = Release|Any CPU
		{692B868F-0BF0-4EEE-80FA-68E4FAAF18C1}.Release|Any CPU.Build.0 = Release|Any CPU
		{59BF1C97-A9B7-4DB9-9A56-054F854AFF3E}.Debug|Any CPU.ActiveCfg = Debug|Any CPU
		{59BF1C97-A9B7-4DB9-9A56-054F854AFF3E}.Debug|Any CPU.Build.0 = Debug|Any CPU
		{59BF1C97-A9B7-4DB9-9A56-054F854AFF3E}.Release|Any CPU.ActiveCfg = Release|Any CPU
		{59BF1C97-A9B7-4DB9-9A56-054F854AFF3E}.Release|Any CPU.Build.0 = Release|Any CPU
		{F89469BD-5DFA-41CD-A089-76001C152235}.Debug|Any CPU.ActiveCfg = Debug|Any CPU
		{F89469BD-5DFA-41CD-A089-76001C152235}.Debug|Any CPU.Build.0 = Debug|Any CPU
		{F89469BD-5DFA-41CD-A089-76001C152235}.Release|Any CPU.ActiveCfg = Release|Any CPU
		{F89469BD-5DFA-41CD-A089-76001C152235}.Release|Any CPU.Build.0 = Release|Any CPU
		{81D9A985-5A49-487C-B2A5-377BFFAF47C3}.Debug|Any CPU.ActiveCfg = Debug|Any CPU
		{81D9A985-5A49-487C-B2A5-377BFFAF47C3}.Debug|Any CPU.Build.0 = Debug|Any CPU
		{81D9A985-5A49-487C-B2A5-377BFFAF47C3}.Release|Any CPU.ActiveCfg = Release|Any CPU
		{81D9A985-5A49-487C-B2A5-377BFFAF47C3}.Release|Any CPU.Build.0 = Release|Any CPU
		{5FC0A50C-C386-4051-BA7E-523271100EE6}.Debug|Any CPU.ActiveCfg = Debug|Any CPU
		{5FC0A50C-C386-4051-BA7E-523271100EE6}.Debug|Any CPU.Build.0 = Debug|Any CPU
		{5FC0A50C-C386-4051-BA7E-523271100EE6}.Release|Any CPU.ActiveCfg = Release|Any CPU
		{5FC0A50C-C386-4051-BA7E-523271100EE6}.Release|Any CPU.Build.0 = Release|Any CPU
		{E1255331-81CA-424A-8E85-BAC839C1EE9D}.Debug|Any CPU.ActiveCfg = Debug|Any CPU
		{E1255331-81CA-424A-8E85-BAC839C1EE9D}.Debug|Any CPU.Build.0 = Debug|Any CPU
		{E1255331-81CA-424A-8E85-BAC839C1EE9D}.Release|Any CPU.ActiveCfg = Release|Any CPU
		{E1255331-81CA-424A-8E85-BAC839C1EE9D}.Release|Any CPU.Build.0 = Release|Any CPU
		{57F3572A-0311-4712-8EDA-312F595A4281}.Debug|Any CPU.ActiveCfg = Debug|Any CPU
		{57F3572A-0311-4712-8EDA-312F595A4281}.Debug|Any CPU.Build.0 = Debug|Any CPU
		{57F3572A-0311-4712-8EDA-312F595A4281}.Release|Any CPU.ActiveCfg = Release|Any CPU
		{57F3572A-0311-4712-8EDA-312F595A4281}.Release|Any CPU.Build.0 = Release|Any CPU
		{0EA5C05C-50EB-4A7C-8879-31F184836281}.Debug|Any CPU.ActiveCfg = Debug|Any CPU
		{0EA5C05C-50EB-4A7C-8879-31F184836281}.Debug|Any CPU.Build.0 = Debug|Any CPU
		{0EA5C05C-50EB-4A7C-8879-31F184836281}.Release|Any CPU.ActiveCfg = Release|Any CPU
		{0EA5C05C-50EB-4A7C-8879-31F184836281}.Release|Any CPU.Build.0 = Release|Any CPU
		{E03A1F52-6CD4-436F-A9F4-556A194E0778}.Debug|Any CPU.ActiveCfg = Debug|Any CPU
		{E03A1F52-6CD4-436F-A9F4-556A194E0778}.Debug|Any CPU.Build.0 = Debug|Any CPU
		{E03A1F52-6CD4-436F-A9F4-556A194E0778}.Release|Any CPU.ActiveCfg = Release|Any CPU
		{E03A1F52-6CD4-436F-A9F4-556A194E0778}.Release|Any CPU.Build.0 = Release|Any CPU
		{8A16F72C-8490-4F9A-A209-14B3AF7CB1A6}.Debug|Any CPU.ActiveCfg = Debug|Any CPU
		{8A16F72C-8490-4F9A-A209-14B3AF7CB1A6}.Debug|Any CPU.Build.0 = Debug|Any CPU
		{8A16F72C-8490-4F9A-A209-14B3AF7CB1A6}.Release|Any CPU.ActiveCfg = Release|Any CPU
		{8A16F72C-8490-4F9A-A209-14B3AF7CB1A6}.Release|Any CPU.Build.0 = Release|Any CPU
		{76E072E3-5399-4618-807A-659F55DC9994}.Debug|Any CPU.ActiveCfg = Debug|Any CPU
		{76E072E3-5399-4618-807A-659F55DC9994}.Debug|Any CPU.Build.0 = Debug|Any CPU
		{76E072E3-5399-4618-807A-659F55DC9994}.Release|Any CPU.ActiveCfg = Release|Any CPU
		{76E072E3-5399-4618-807A-659F55DC9994}.Release|Any CPU.Build.0 = Release|Any CPU
		{E5F6A358-88E7-4660-AF6D-A35A1B052A1D}.Debug|Any CPU.ActiveCfg = Debug|Any CPU
		{E5F6A358-88E7-4660-AF6D-A35A1B052A1D}.Debug|Any CPU.Build.0 = Debug|Any CPU
		{E5F6A358-88E7-4660-AF6D-A35A1B052A1D}.Release|Any CPU.ActiveCfg = Release|Any CPU
		{E5F6A358-88E7-4660-AF6D-A35A1B052A1D}.Release|Any CPU.Build.0 = Release|Any CPU
		{8391A18F-6022-406A-8685-D194C6B43F33}.Debug|Any CPU.ActiveCfg = Debug|Any CPU
		{8391A18F-6022-406A-8685-D194C6B43F33}.Debug|Any CPU.Build.0 = Debug|Any CPU
		{8391A18F-6022-406A-8685-D194C6B43F33}.Release|Any CPU.ActiveCfg = Release|Any CPU
		{8391A18F-6022-406A-8685-D194C6B43F33}.Release|Any CPU.Build.0 = Release|Any CPU
		{7EDB7C7D-1C8E-49D6-A6F7-10D7F4355555}.Debug|Any CPU.ActiveCfg = Debug|Any CPU
		{7EDB7C7D-1C8E-49D6-A6F7-10D7F4355555}.Debug|Any CPU.Build.0 = Debug|Any CPU
		{7EDB7C7D-1C8E-49D6-A6F7-10D7F4355555}.Release|Any CPU.ActiveCfg = Release|Any CPU
		{7EDB7C7D-1C8E-49D6-A6F7-10D7F4355555}.Release|Any CPU.Build.0 = Release|Any CPU
	EndGlobalSection
	GlobalSection(SolutionProperties) = preSolution
		HideSolutionNode = FALSE
	EndGlobalSection
	GlobalSection(ExtensibilityGlobals) = postSolution
		SolutionGuid = {736926FA-7CA2-4636-B0F4-8F943E23E30D}
	EndGlobalSection
EndGlobal
